
Microsoft Visual Studio Solution File, Format Version 12.00
# Visual Studio Version 17
VisualStudioVersion = 17.2.32630.192
MinimumVisualStudioVersion = 10.0.40219.1
Project("{FAE04EC0-301F-11D3-BF4B-00C04F79EFBC}") = "Upscaler", "Upscaler\Upscaler.csproj", "{B3074189-54F2-4A96-A3C0-7DD219771984}"
EndProject
Global
	GlobalSection(SolutionConfigurationPlatforms) = preSolution
		Debug|Any CPU = Debug|Any CPU
		Release|Any CPU = Release|Any CPU
	EndGlobalSection
	GlobalSection(ProjectConfigurationPlatforms) = postSolution
		{B3074189-54F2-4A96-A3C0-7DD219771984}.Debug|Any CPU.ActiveCfg = Debug|Any CPU
		{B3074189-54F2-4A96-A3C0-7DD219771984}.Debug|Any CPU.Build.0 = Debug|Any CPU
		{B3074189-54F2-4A96-A3C0-7DD219771984}.Release|Any CPU.ActiveCfg = Release|Any CPU
		{B3074189-54F2-4A96-A3C0-7DD219771984}.Release|Any CPU.Build.0 = Release|Any CPU
	EndGlobalSection
	GlobalSection(SolutionProperties) = preSolution
		HideSolutionNode = FALSE
	EndGlobalSection
	GlobalSection(ExtensibilityGlobals) = postSolution
		SolutionGuid = {D442BF6C-B845-4C23-AC96-3F4CAB107A17}
	EndGlobalSection
EndGlobal
